# This file is automatically @generated by Cargo.
# It is not intended for manual editing.
version = 4

[[package]]
name = "crow-brain"
version = "0.1.0"

[[package]]
name = "crow-cli"
version = "0.1.0"

[[package]]
name = "crow-evidence"
version = "0.1.0"

[[package]]
name = "crow-intel"
version = "0.1.0"

[[package]]
name = "crow-materialize"
version = "0.1.0"

[[package]]
name = "crow-patch"
version = "0.1.0"

[[package]]
name = "crow-probe"
version = "0.1.0"

[[package]]
name = "crow-replay"
version = "0.1.0"

[[package]]
name = "crow-verifier"
version = "0.1.0"

[[package]]
name = "crow-workspace"
version = "0.1.0"
